
Microsoft Visual Studio Solution File, Format Version 12.00
# Visual Studio Version 17
VisualStudioVersion = 17.4.33205.214
MinimumVisualStudioVersion = 10.0.40219.1
Project("{9A19103F-16F7-4668-BE54-9A1E7A4F7556}") = "Plisky.Diagnostics", "Plisky.Diagnostics\Plisky.Diagnostics.csproj", "{53C50174-FB06-4127-8E23-E077EBD5BD91}"
EndProject
Project("{D954291E-2A0B-460D-934E-DC6B0785DB48}") = "BilgeCore", "BilgeCore\BilgeCore.shproj", "{18C26C0C-4C5C-47D1-9872-CAE3F5B2ECA0}"
EndProject
Project("{9A19103F-16F7-4668-BE54-9A1E7A4F7556}") = "_Dependencies", "_Dependencies\_Dependencies.csproj", "{6A505E98-EAE9-44A1-9B62-D30617367DC0}"
EndProject
Project("{9A19103F-16F7-4668-BE54-9A1E7A4F7556}") = "Plisky.Diagnostics.Test", "Plisky.Diagnostics.Test\Plisky.Diagnostics.Test.csproj", "{62CA003A-038B-487F-83B5-FA4FE9C6E075}"
EndProject
Project("{9A19103F-16F7-4668-BE54-9A1E7A4F7556}") = "PliskyTester", "PliskyTester\PliskyTester.csproj", "{4A476B6D-A64E-41D7-AE8B-ACEBA8005018}"
EndProject
Project("{9A19103F-16F7-4668-BE54-9A1E7A4F7556}") = "DevConsoleTest", "DevConsoleTest\DevConsoleTest.csproj", "{DD92368A-C293-4661-BE6B-3478367DA1A8}"
EndProject
Project("{2150E333-8FDC-42A3-9474-1A3956D46DE8}") = "Solution Items", "Solution Items", "{02520FE2-2B73-40A9-9845-B642DF08259F}"
	ProjectSection(SolutionItems) = preProject
		..\build\plisky-diags-ci.yml = ..\build\plisky-diags-ci.yml
		..\build\plisky-diags-release.yml = ..\build\plisky-diags-release.yml
	EndProjectSection
EndProject
Global
	GlobalSection(SolutionConfigurationPlatforms) = preSolution
		Debug|Any CPU = Debug|Any CPU		
		Release|Any CPU = Release|Any CPU
	EndGlobalSection
	GlobalSection(ProjectConfigurationPlatforms) = postSolution
		{53C50174-FB06-4127-8E23-E077EBD5BD91}.Debug|Any CPU.ActiveCfg = Debug|Any CPU
		{53C50174-FB06-4127-8E23-E077EBD5BD91}.Debug|Any CPU.Build.0 = Debug|Any CPU		
		{53C50174-FB06-4127-8E23-E077EBD5BD91}.Release|Any CPU.ActiveCfg = Release|Any CPU
		{53C50174-FB06-4127-8E23-E077EBD5BD91}.Release|Any CPU.Build.0 = Release|Any CPU
		{6A505E98-EAE9-44A1-9B62-D30617367DC0}.Debug|Any CPU.ActiveCfg = Debug|Any CPU
		{6A505E98-EAE9-44A1-9B62-D30617367DC0}.Debug|Any CPU.Build.0 = Debug|Any CPU		
		{6A505E98-EAE9-44A1-9B62-D30617367DC0}.Release|Any CPU.ActiveCfg = Release|Any CPU
		{6A505E98-EAE9-44A1-9B62-D30617367DC0}.Release|Any CPU.Build.0 = Release|Any CPU
		{62CA003A-038B-487F-83B5-FA4FE9C6E075}.Debug|Any CPU.ActiveCfg = Debug|Any CPU
		{62CA003A-038B-487F-83B5-FA4FE9C6E075}.Debug|Any CPU.Build.0 = Debug|Any CPU		
		{62CA003A-038B-487F-83B5-FA4FE9C6E075}.Release|Any CPU.ActiveCfg = Release|Any CPU
		{62CA003A-038B-487F-83B5-FA4FE9C6E075}.Release|Any CPU.Build.0 = Release|Any CPU
		{4A476B6D-A64E-41D7-AE8B-ACEBA8005018}.Debug|Any CPU.ActiveCfg = Debug|Any CPU
		{4A476B6D-A64E-41D7-AE8B-ACEBA8005018}.Debug|Any CPU.Build.0 = Debug|Any CPU		
		{4A476B6D-A64E-41D7-AE8B-ACEBA8005018}.Release|Any CPU.ActiveCfg = Release|Any CPU
		{4A476B6D-A64E-41D7-AE8B-ACEBA8005018}.Release|Any CPU.Build.0 = Release|Any CPU
		{DD92368A-C293-4661-BE6B-3478367DA1A8}.Debug|Any CPU.ActiveCfg = Debug|Any CPU
		{DD92368A-C293-4661-BE6B-3478367DA1A8}.Debug|Any CPU.Build.0 = Debug|Any CPU		
		{DD92368A-C293-4661-BE6B-3478367DA1A8}.Release|Any CPU.ActiveCfg = Release|Any CPU
		{DD92368A-C293-4661-BE6B-3478367DA1A8}.Release|Any CPU.Build.0 = Release|Any CPU
	EndGlobalSection
	GlobalSection(SolutionProperties) = preSolution
		HideSolutionNode = FALSE
	EndGlobalSection
	GlobalSection(ExtensibilityGlobals) = postSolution
		SolutionGuid = {B7C82109-A367-4A89-83FB-D4187677A573}
	EndGlobalSection
	GlobalSection(SharedMSBuildProjectFiles) = preSolution
		BilgeCore\BilgeCore.projitems*{18c26c0c-4c5c-47d1-9872-cae3f5b2eca0}*SharedItemsImports = 13
		BilgeCore\BilgeCore.projitems*{53c50174-fb06-4127-8e23-e077ebd5bd91}*SharedItemsImports = 5
	EndGlobalSection
EndGlobal
