
Microsoft Visual Studio Solution File, Format Version 12.00
# Visual Studio Version 17
VisualStudioVersion = 17.0.32014.148
MinimumVisualStudioVersion = 10.0.40219.1
Project("{FAE04EC0-301F-11D3-BF4B-00C04F79EFBC}") = "_Dependencies", "_Dependencies\_Dependencies.csproj", "{6A505E98-EAE9-44A1-9B62-D30617367DC0}"
EndProject
Project("{D954291E-2A0B-460D-934E-DC6B0785DB48}") = "BilgeListeners", "BilgeListeners\BilgeListeners.shproj", "{7EEBC5CC-1F72-4D49-A29D-3A29AF4ACB6B}"
EndProject
Project("{9A19103F-16F7-4668-BE54-9A1E7A4F7556}") = "Plisky.Diagnostics.Listeners", "Plisky.Diagnostics.Listeners\Plisky.Diagnostics.Listeners.csproj", "{CD5D120A-D52A-4102-8FEF-3F36598CE179}"
EndProject
Project("{2150E333-8FDC-42A3-9474-1A3956D46DE8}") = "Solution Items", "Solution Items", "{FC6EEBA6-ED56-4CD0-A000-8A3FEC30DDEC}"
	ProjectSection(SolutionItems) = preProject
		..\build\plisky-diags-ci.yml = ..\build\plisky-diags-ci.yml
		..\build\plisky-listeners-release.yml = ..\build\plisky-listeners-release.yml
	EndProjectSection
EndProject
Project("{9A19103F-16F7-4668-BE54-9A1E7A4F7556}") = "Plisky.Listeners.Test", "Plisky.Listeners.Test\Plisky.Listeners.Test.csproj", "{565A7644-E3AB-461D-A305-7712696DCB48}"
EndProject
Global
	GlobalSection(SolutionConfigurationPlatforms) = preSolution
		Debug|Any CPU = Debug|Any CPU
		Develop|Any CPU = Develop|Any CPU
		Release|Any CPU = Release|Any CPU
	EndGlobalSection
	GlobalSection(ProjectConfigurationPlatforms) = postSolution
		{6A505E98-EAE9-44A1-9B62-D30617367DC0}.Debug|Any CPU.ActiveCfg = Debug|Any CPU
		{6A505E98-EAE9-44A1-9B62-D30617367DC0}.Debug|Any CPU.Build.0 = Debug|Any CPU
		{6A505E98-EAE9-44A1-9B62-D30617367DC0}.Develop|Any CPU.ActiveCfg = Develop|Any CPU
		{6A505E98-EAE9-44A1-9B62-D30617367DC0}.Develop|Any CPU.Build.0 = Develop|Any CPU
		{6A505E98-EAE9-44A1-9B62-D30617367DC0}.Release|Any CPU.ActiveCfg = Release|Any CPU
		{6A505E98-EAE9-44A1-9B62-D30617367DC0}.Release|Any CPU.Build.0 = Release|Any CPU
		{CD5D120A-D52A-4102-8FEF-3F36598CE179}.Debug|Any CPU.ActiveCfg = Debug|Any CPU
		{CD5D120A-D52A-4102-8FEF-3F36598CE179}.Debug|Any CPU.Build.0 = Debug|Any CPU
		{CD5D120A-D52A-4102-8FEF-3F36598CE179}.Develop|Any CPU.ActiveCfg = Debug|Any CPU
		{CD5D120A-D52A-4102-8FEF-3F36598CE179}.Develop|Any CPU.Build.0 = Debug|Any CPU
		{CD5D120A-D52A-4102-8FEF-3F36598CE179}.Release|Any CPU.ActiveCfg = Release|Any CPU
		{CD5D120A-D52A-4102-8FEF-3F36598CE179}.Release|Any CPU.Build.0 = Release|Any CPU
		{565A7644-E3AB-461D-A305-7712696DCB48}.Debug|Any CPU.ActiveCfg = Debug|Any CPU
		{565A7644-E3AB-461D-A305-7712696DCB48}.Debug|Any CPU.Build.0 = Debug|Any CPU
		{565A7644-E3AB-461D-A305-7712696DCB48}.Develop|Any CPU.ActiveCfg = Debug|Any CPU
		{565A7644-E3AB-461D-A305-7712696DCB48}.Develop|Any CPU.Build.0 = Debug|Any CPU
		{565A7644-E3AB-461D-A305-7712696DCB48}.Release|Any CPU.ActiveCfg = Release|Any CPU
		{565A7644-E3AB-461D-A305-7712696DCB48}.Release|Any CPU.Build.0 = Release|Any CPU
	EndGlobalSection
	GlobalSection(SolutionProperties) = preSolution
		HideSolutionNode = FALSE
	EndGlobalSection
	GlobalSection(ExtensibilityGlobals) = postSolution
		SolutionGuid = {B7C82109-A367-4A89-83FB-D4187677A573}
	EndGlobalSection
	GlobalSection(SharedMSBuildProjectFiles) = preSolution
		BilgeListeners\BilgeListeners.projitems*{7eebc5cc-1f72-4d49-a29d-3a29af4acb6b}*SharedItemsImports = 13
		BilgeListeners\BilgeListeners.projitems*{cd5d120a-d52a-4102-8fef-3f36598ce179}*SharedItemsImports = 5
	EndGlobalSection
EndGlobal
